
Microsoft Visual Studio Solution File, Format Version 12.00
# Visual Studio Version 17
VisualStudioVersion = 17.13.35806.99 d17.13
MinimumVisualStudioVersion = 10.0.40219.1
Project("{FAE04EC0-301F-11D3-BF4B-00C04F79EFBC}") = "Дейкстра", "Дейкстра\Дейкстра.csproj", "{B6720B8D-835F-4950-B456-67CF9BCF2CAD}"
EndProject
Global
	GlobalSection(SolutionConfigurationPlatforms) = preSolution
		Debug|Any CPU = Debug|Any CPU
		Release|Any CPU = Release|Any CPU
	EndGlobalSection
	GlobalSection(ProjectConfigurationPlatforms) = postSolution
		{B6720B8D-835F-4950-B456-67CF9BCF2CAD}.Debug|Any CPU.ActiveCfg = Debug|Any CPU
		{B6720B8D-835F-4950-B456-67CF9BCF2CAD}.Debug|Any CPU.Build.0 = Debug|Any CPU
		{B6720B8D-835F-4950-B456-67CF9BCF2CAD}.Release|Any CPU.ActiveCfg = Release|Any CPU
		{B6720B8D-835F-4950-B456-67CF9BCF2CAD}.Release|Any CPU.Build.0 = Release|Any CPU
	EndGlobalSection
	GlobalSection(SolutionProperties) = preSolution
		HideSolutionNode = FALSE
	EndGlobalSection
	GlobalSection(ExtensibilityGlobals) = postSolution
		SolutionGuid = {00A3F4CA-9142-4CD2-8A93-98B325B34552}
	EndGlobalSection
EndGlobal
